// !$*UTF8*$!
{
	archiveVersion = 1;
	classes = {
	};
	objectVersion = 55;
	objects = {

/* Begin PBXBuildFile section */
		055E683D9D3DF948B0787A7B /* Pods_GIFApp.framework in Frameworks */ = {isa = PBXBuildFile; fileRef = 04396440F3261D8621421BB8 /* Pods_GIFApp.framework */; };
		E3C1CD6C2A1E34D900D8B7DA /* Content.swift in Sources */ = {isa = PBXBuildFile; fileRef = E3C1CD6B2A1E34D900D8B7DA /* Content.swift */; };
		E3C1CD6E2A1E35D700D8B7DA /* GIFContent.swift in Sources */ = {isa = PBXBuildFile; fileRef = E3C1CD6D2A1E35D700D8B7DA /* GIFContent.swift */; };
		E3D26BCD2818D62C0019CFDE /* AppDelegate.swift in Sources */ = {isa = PBXBuildFile; fileRef = E3D26BCC2818D62C0019CFDE /* AppDelegate.swift */; };
		E3D26BCF2818D62C0019CFDE /* SceneDelegate.swift in Sources */ = {isa = PBXBuildFile; fileRef = E3D26BCE2818D62C0019CFDE /* SceneDelegate.swift */; };
		E3D26BD62818D62F0019CFDE /* Assets.xcassets in Resources */ = {isa = PBXBuildFile; fileRef = E3D26BD52818D62F0019CFDE /* Assets.xcassets */; };
		E3D26BE62818D73E0019CFDE /* SearchViewController.swift in Sources */ = {isa = PBXBuildFile; fileRef = E3D26BE52818D73E0019CFDE /* SearchViewController.swift */; };
		E3D26BE82818D7540019CFDE /* SearchViewModel.swift in Sources */ = {isa = PBXBuildFile; fileRef = E3D26BE72818D7540019CFDE /* SearchViewModel.swift */; };
		E3D26BEA2818D76C0019CFDE /* SearchItemCellModel.swift in Sources */ = {isa = PBXBuildFile; fileRef = E3D26BE92818D76C0019CFDE /* SearchItemCellModel.swift */; };
		E3D26BEC281917F60019CFDE /* API.swift in Sources */ = {isa = PBXBuildFile; fileRef = E3D26BEB281917F60019CFDE /* API.swift */; };
		E3D26BEE2819185F0019CFDE /* APITarget.swift in Sources */ = {isa = PBXBuildFile; fileRef = E3D26BED2819185F0019CFDE /* APITarget.swift */; };
		E3D26BF1281922F80019CFDE /* GifResponse.swift in Sources */ = {isa = PBXBuildFile; fileRef = E3D26BF0281922F80019CFDE /* GifResponse.swift */; };
		E3D26BF32819612B0019CFDE /* SearchItemCell.swift in Sources */ = {isa = PBXBuildFile; fileRef = E3D26BF22819612B0019CFDE /* SearchItemCell.swift */; };
		E3D26BF8281967290019CFDE /* NSObject+ClassName.swift in Sources */ = {isa = PBXBuildFile; fileRef = E3D26BF7281967290019CFDE /* NSObject+ClassName.swift */; };
		E3D26BFF281AD76A0019CFDE /* DetailViewController.swift in Sources */ = {isa = PBXBuildFile; fileRef = E3D26BFE281AD76A0019CFDE /* DetailViewController.swift */; };
		E3D26C01281AD78B0019CFDE /* DetailViewModel.swift in Sources */ = {isa = PBXBuildFile; fileRef = E3D26C00281AD78B0019CFDE /* DetailViewModel.swift */; };
/* End PBXBuildFile section */

/* Begin PBXFileReference section */
		04396440F3261D8621421BB8 /* Pods_GIFApp.framework */ = {isa = PBXFileReference; explicitFileType = wrapper.framework; includeInIndex = 0; path = Pods_GIFApp.framework; sourceTree = BUILT_PRODUCTS_DIR; };
		2F6E36CF18099BD2F4BA7AAA /* Pods-GIFApp.debug.xcconfig */ = {isa = PBXFileReference; includeInIndex = 1; lastKnownFileType = text.xcconfig; name = "Pods-GIFApp.debug.xcconfig"; path = "Target Support Files/Pods-GIFApp/Pods-GIFApp.debug.xcconfig"; sourceTree = "<group>"; };
		4CD109224D19BD6DEA4F126E /* Pods-GIFApp.release.xcconfig */ = {isa = PBXFileReference; includeInIndex = 1; lastKnownFileType = text.xcconfig; name = "Pods-GIFApp.release.xcconfig"; path = "Target Support Files/Pods-GIFApp/Pods-GIFApp.release.xcconfig"; sourceTree = "<group>"; };
		E3C1CD6B2A1E34D900D8B7DA /* Content.swift */ = {isa = PBXFileReference; lastKnownFileType = sourcecode.swift; path = Content.swift; sourceTree = "<group>"; };
		E3C1CD6D2A1E35D700D8B7DA /* GIFContent.swift */ = {isa = PBXFileReference; lastKnownFileType = sourcecode.swift; path = GIFContent.swift; sourceTree = "<group>"; };
		E3D26BC92818D62C0019CFDE /* GIFApp.app */ = {isa = PBXFileReference; explicitFileType = wrapper.application; includeInIndex = 0; path = GIFApp.app; sourceTree = BUILT_PRODUCTS_DIR; };
		E3D26BCC2818D62C0019CFDE /* AppDelegate.swift */ = {isa = PBXFileReference; lastKnownFileType = sourcecode.swift; path = AppDelegate.swift; sourceTree = "<group>"; };
		E3D26BCE2818D62C0019CFDE /* SceneDelegate.swift */ = {isa = PBXFileReference; lastKnownFileType = sourcecode.swift; path = SceneDelegate.swift; sourceTree = "<group>"; };
		E3D26BD52818D62F0019CFDE /* Assets.xcassets */ = {isa = PBXFileReference; lastKnownFileType = folder.assetcatalog; path = Assets.xcassets; sourceTree = "<group>"; };
		E3D26BDA2818D62F0019CFDE /* Info.plist */ = {isa = PBXFileReference; lastKnownFileType = text.plist.xml; path = Info.plist; sourceTree = "<group>"; };
		E3D26BE52818D73E0019CFDE /* SearchViewController.swift */ = {isa = PBXFileReference; lastKnownFileType = sourcecode.swift; path = SearchViewController.swift; sourceTree = "<group>"; };
		E3D26BE72818D7540019CFDE /* SearchViewModel.swift */ = {isa = PBXFileReference; lastKnownFileType = sourcecode.swift; path = SearchViewModel.swift; sourceTree = "<group>"; };
		E3D26BE92818D76C0019CFDE /* SearchItemCellModel.swift */ = {isa = PBXFileReference; lastKnownFileType = sourcecode.swift; path = SearchItemCellModel.swift; sourceTree = "<group>"; };
		E3D26BEB281917F60019CFDE /* API.swift */ = {isa = PBXFileReference; lastKnownFileType = sourcecode.swift; path = API.swift; sourceTree = "<group>"; };
		E3D26BED2819185F0019CFDE /* APITarget.swift */ = {isa = PBXFileReference; lastKnownFileType = sourcecode.swift; path = APITarget.swift; sourceTree = "<group>"; };
		E3D26BF0281922F80019CFDE /* GifResponse.swift */ = {isa = PBXFileReference; lastKnownFileType = sourcecode.swift; path = GifResponse.swift; sourceTree = "<group>"; };
		E3D26BF22819612B0019CFDE /* SearchItemCell.swift */ = {isa = PBXFileReference; lastKnownFileType = sourcecode.swift; path = SearchItemCell.swift; sourceTree = "<group>"; };
		E3D26BF7281967290019CFDE /* NSObject+ClassName.swift */ = {isa = PBXFileReference; lastKnownFileType = sourcecode.swift; path = "NSObject+ClassName.swift"; sourceTree = "<group>"; };
		E3D26BFE281AD76A0019CFDE /* DetailViewController.swift */ = {isa = PBXFileReference; lastKnownFileType = sourcecode.swift; path = DetailViewController.swift; sourceTree = "<group>"; };
		E3D26C00281AD78B0019CFDE /* DetailViewModel.swift */ = {isa = PBXFileReference; lastKnownFileType = sourcecode.swift; path = DetailViewModel.swift; sourceTree = "<group>"; };
/* End PBXFileReference section */

/* Begin PBXFrameworksBuildPhase section */
		E3D26BC62818D62B0019CFDE /* Frameworks */ = {
			isa = PBXFrameworksBuildPhase;
			buildActionMask = 2147483647;
			files = (
				055E683D9D3DF948B0787A7B /* Pods_GIFApp.framework in Frameworks */,
			);
			runOnlyForDeploymentPostprocessing = 0;
		};
/* End PBXFrameworksBuildPhase section */

/* Begin PBXGroup section */
		136B0BDCC9E6880F62BAAC39 /* Frameworks */ = {
			isa = PBXGroup;
			children = (
				04396440F3261D8621421BB8 /* Pods_GIFApp.framework */,
			);
			name = Frameworks;
			sourceTree = "<group>";
		};
		2DDD814459CC85D2851AB322 /* Pods */ = {
			isa = PBXGroup;
			children = (
				2F6E36CF18099BD2F4BA7AAA /* Pods-GIFApp.debug.xcconfig */,
				4CD109224D19BD6DEA4F126E /* Pods-GIFApp.release.xcconfig */,
			);
			path = Pods;
			sourceTree = "<group>";
		};
		E3C1CD692A1E331200D8B7DA /* Content */ = {
			isa = PBXGroup;
			children = (
				E3C1CD6B2A1E34D900D8B7DA /* Content.swift */,
				E3C1CD6D2A1E35D700D8B7DA /* GIFContent.swift */,
			);
			path = Content;
			sourceTree = "<group>";
		};
		E3C1CD6A2A1E34A100D8B7DA /* Presentation */ = {
			isa = PBXGroup;
			children = (
				E3D26BFC281AD73F0019CFDE /* Search */,
				E3D26BFD281AD74A0019CFDE /* Detail */,
			);
			path = Presentation;
			sourceTree = "<group>";
		};
		E3D26BC02818D62B0019CFDE = {
			isa = PBXGroup;
			children = (
				E3D26BCB2818D62C0019CFDE /* GIFApp */,
				E3D26BCA2818D62C0019CFDE /* Products */,
				2DDD814459CC85D2851AB322 /* Pods */,
				136B0BDCC9E6880F62BAAC39 /* Frameworks */,
			);
			sourceTree = "<group>";
		};
		E3D26BCA2818D62C0019CFDE /* Products */ = {
			isa = PBXGroup;
			children = (
				E3D26BC92818D62C0019CFDE /* GIFApp.app */,
			);
			name = Products;
			sourceTree = "<group>";
		};
		E3D26BCB2818D62C0019CFDE /* GIFApp */ = {
			isa = PBXGroup;
			children = (
				E3D26BCC2818D62C0019CFDE /* AppDelegate.swift */,
				E3D26BDA2818D62F0019CFDE /* Info.plist */,
				E3D26BE02818D6D80019CFDE /* Application */,
				E3D26BE32818D6EF0019CFDE /* Network */,
				E3C1CD6A2A1E34A100D8B7DA /* Presentation */,
				E3D26BE22818D6E90019CFDE /* Domain */,
				E3D26BF4281966D30019CFDE /* Helper */,
				E3D26BE42818D6F70019CFDE /* Resources */,
			);
			path = GIFApp;
			sourceTree = "<group>";
		};
		E3D26BE02818D6D80019CFDE /* Application */ = {
			isa = PBXGroup;
			children = (
				E3D26BCE2818D62C0019CFDE /* SceneDelegate.swift */,
			);
			path = Application;
			sourceTree = "<group>";
		};
		E3D26BE22818D6E90019CFDE /* Domain */ = {
			isa = PBXGroup;
			children = (
				E3C1CD692A1E331200D8B7DA /* Content */,
			);
			path = Domain;
			sourceTree = "<group>";
		};
		E3D26BE32818D6EF0019CFDE /* Network */ = {
			isa = PBXGroup;
			children = (
				E3D26BEF281922E90019CFDE /* Model */,
				E3D26BEB281917F60019CFDE /* API.swift */,
				E3D26BED2819185F0019CFDE /* APITarget.swift */,
			);
			path = Network;
			sourceTree = "<group>";
		};
		E3D26BE42818D6F70019CFDE /* Resources */ = {
			isa = PBXGroup;
			children = (
				E3D26BD52818D62F0019CFDE /* Assets.xcassets */,
			);
			path = Resources;
			sourceTree = "<group>";
		};
		E3D26BEF281922E90019CFDE /* Model */ = {
			isa = PBXGroup;
			children = (
				E3D26BF0281922F80019CFDE /* GifResponse.swift */,
			);
			path = Model;
			sourceTree = "<group>";
		};
		E3D26BF4281966D30019CFDE /* Helper */ = {
			isa = PBXGroup;
			children = (
				E3D26BF5281967140019CFDE /* Extensions */,
			);
			path = Helper;
			sourceTree = "<group>";
		};
		E3D26BF5281967140019CFDE /* Extensions */ = {
			isa = PBXGroup;
			children = (
				E3D26BF62819671B0019CFDE /* Foundation */,
			);
			path = Extensions;
			sourceTree = "<group>";
		};
		E3D26BF62819671B0019CFDE /* Foundation */ = {
			isa = PBXGroup;
			children = (
				E3D26BF7281967290019CFDE /* NSObject+ClassName.swift */,
			);
			path = Foundation;
			sourceTree = "<group>";
		};
		E3D26BFC281AD73F0019CFDE /* Search */ = {
			isa = PBXGroup;
			children = (
				E3D26BE52818D73E0019CFDE /* SearchViewController.swift */,
				E3D26BE72818D7540019CFDE /* SearchViewModel.swift */,
				E3D26BE92818D76C0019CFDE /* SearchItemCellModel.swift */,
				E3D26BF22819612B0019CFDE /* SearchItemCell.swift */,
			);
			path = Search;
			sourceTree = "<group>";
		};
		E3D26BFD281AD74A0019CFDE /* Detail */ = {
			isa = PBXGroup;
			children = (
				E3D26BFE281AD76A0019CFDE /* DetailViewController.swift */,
				E3D26C00281AD78B0019CFDE /* DetailViewModel.swift */,
			);
			path = Detail;
			sourceTree = "<group>";
		};
/* End PBXGroup section */

/* Begin PBXNativeTarget section */
		E3D26BC82818D62B0019CFDE /* GIFApp */ = {
			isa = PBXNativeTarget;
			buildConfigurationList = E3D26BDD2818D62F0019CFDE /* Build configuration list for PBXNativeTarget "GIFApp" */;
			buildPhases = (
				97055A1ED0C3A30333AB98A3 /* [CP] Check Pods Manifest.lock */,
				E3D26BC52818D62B0019CFDE /* Sources */,
				E3D26BC62818D62B0019CFDE /* Frameworks */,
				E3D26BC72818D62B0019CFDE /* Resources */,
				CD4242E694854B6C3A3EB928 /* [CP] Embed Pods Frameworks */,
			);
			buildRules = (
			);
			dependencies = (
			);
			name = GIFApp;
			productName = GIFApp;
			productReference = E3D26BC92818D62C0019CFDE /* GIFApp.app */;
			productType = "com.apple.product-type.application";
		};
/* End PBXNativeTarget section */

/* Begin PBXProject section */
		E3D26BC12818D62B0019CFDE /* Project object */ = {
			isa = PBXProject;
			attributes = {
				BuildIndependentTargetsInParallel = 1;
				LastSwiftUpdateCheck = 1320;
				LastUpgradeCheck = 1320;
				TargetAttributes = {
					E3D26BC82818D62B0019CFDE = {
						CreatedOnToolsVersion = 13.2.1;
					};
				};
			};
			buildConfigurationList = E3D26BC42818D62B0019CFDE /* Build configuration list for PBXProject "GIFApp" */;
			compatibilityVersion = "Xcode 13.0";
			developmentRegion = en;
			hasScannedForEncodings = 0;
			knownRegions = (
				en,
				Base,
			);
			mainGroup = E3D26BC02818D62B0019CFDE;
			productRefGroup = E3D26BCA2818D62C0019CFDE /* Products */;
			projectDirPath = "";
			projectRoot = "";
			targets = (
				E3D26BC82818D62B0019CFDE /* GIFApp */,
			);
		};
/* End PBXProject section */

/* Begin PBXResourcesBuildPhase section */
		E3D26BC72818D62B0019CFDE /* Resources */ = {
			isa = PBXResourcesBuildPhase;
			buildActionMask = 2147483647;
			files = (
				E3D26BD62818D62F0019CFDE /* Assets.xcassets in Resources */,
			);
			runOnlyForDeploymentPostprocessing = 0;
		};
/* End PBXResourcesBuildPhase section */

/* Begin PBXShellScriptBuildPhase section */
		97055A1ED0C3A30333AB98A3 /* [CP] Check Pods Manifest.lock */ = {
			isa = PBXShellScriptBuildPhase;
			buildActionMask = 2147483647;
			files = (
			);
			inputFileListPaths = (
			);
			inputPaths = (
				"${PODS_PODFILE_DIR_PATH}/Podfile.lock",
				"${PODS_ROOT}/Manifest.lock",
			);
			name = "[CP] Check Pods Manifest.lock";
			outputFileListPaths = (
			);
			outputPaths = (
				"$(DERIVED_FILE_DIR)/Pods-GIFApp-checkManifestLockResult.txt",
			);
			runOnlyForDeploymentPostprocessing = 0;
			shellPath = /bin/sh;
			shellScript = "diff \"${PODS_PODFILE_DIR_PATH}/Podfile.lock\" \"${PODS_ROOT}/Manifest.lock\" > /dev/null\nif [ $? != 0 ] ; then\n    # print error to STDERR\n    echo \"error: The sandbox is not in sync with the Podfile.lock. Run 'pod install' or update your CocoaPods installation.\" >&2\n    exit 1\nfi\n# This output is used by Xcode 'outputs' to avoid re-running this script phase.\necho \"SUCCESS\" > \"${SCRIPT_OUTPUT_FILE_0}\"\n";
			showEnvVarsInLog = 0;
		};
		CD4242E694854B6C3A3EB928 /* [CP] Embed Pods Frameworks */ = {
			isa = PBXShellScriptBuildPhase;
			buildActionMask = 2147483647;
			files = (
			);
			inputFileListPaths = (
				"${PODS_ROOT}/Target Support Files/Pods-GIFApp/Pods-GIFApp-frameworks-${CONFIGURATION}-input-files.xcfilelist",
			);
			name = "[CP] Embed Pods Frameworks";
			outputFileListPaths = (
				"${PODS_ROOT}/Target Support Files/Pods-GIFApp/Pods-GIFApp-frameworks-${CONFIGURATION}-output-files.xcfilelist",
			);
			runOnlyForDeploymentPostprocessing = 0;
			shellPath = /bin/sh;
			shellScript = "\"${PODS_ROOT}/Target Support Files/Pods-GIFApp/Pods-GIFApp-frameworks.sh\"\n";
			showEnvVarsInLog = 0;
		};
/* End PBXShellScriptBuildPhase section */

/* Begin PBXSourcesBuildPhase section */
		E3D26BC52818D62B0019CFDE /* Sources */ = {
			isa = PBXSourcesBuildPhase;
			buildActionMask = 2147483647;
			files = (
				E3D26BEA2818D76C0019CFDE /* SearchItemCellModel.swift in Sources */,
				E3D26BF1281922F80019CFDE /* GifResponse.swift in Sources */,
				E3D26BE62818D73E0019CFDE /* SearchViewController.swift in Sources */,
				E3D26BFF281AD76A0019CFDE /* DetailViewController.swift in Sources */,
				E3D26BF32819612B0019CFDE /* SearchItemCell.swift in Sources */,
				E3D26BCD2818D62C0019CFDE /* AppDelegate.swift in Sources */,
				E3D26BE82818D7540019CFDE /* SearchViewModel.swift in Sources */,
				E3D26BEC281917F60019CFDE /* API.swift in Sources */,
				E3C1CD6C2A1E34D900D8B7DA /* Content.swift in Sources */,
				E3D26C01281AD78B0019CFDE /* DetailViewModel.swift in Sources */,
				E3D26BF8281967290019CFDE /* NSObject+ClassName.swift in Sources */,
				E3D26BCF2818D62C0019CFDE /* SceneDelegate.swift in Sources */,
				E3C1CD6E2A1E35D700D8B7DA /* GIFContent.swift in Sources */,
				E3D26BEE2819185F0019CFDE /* APITarget.swift in Sources */,
			);
			runOnlyForDeploymentPostprocessing = 0;
		};
/* End PBXSourcesBuildPhase section */

/* Begin XCBuildConfiguration section */
		E3D26BDB2818D62F0019CFDE /* Debug */ = {
			isa = XCBuildConfiguration;
			buildSettings = {
				ALWAYS_SEARCH_USER_PATHS = NO;
				CLANG_ANALYZER_NONNULL = YES;
				CLANG_ANALYZER_NUMBER_OBJECT_CONVERSION = YES_AGGRESSIVE;
				CLANG_CXX_LANGUAGE_STANDARD = "gnu++17";
				CLANG_CXX_LIBRARY = "libc++";
				CLANG_ENABLE_MODULES = YES;
				CLANG_ENABLE_OBJC_ARC = YES;
				CLANG_ENABLE_OBJC_WEAK = YES;
				CLANG_WARN_BLOCK_CAPTURE_AUTORELEASING = YES;
				CLANG_WARN_BOOL_CONVERSION = YES;
				CLANG_WARN_COMMA = YES;
				CLANG_WARN_CONSTANT_CONVERSION = YES;
				CLANG_WARN_DEPRECATED_OBJC_IMPLEMENTATIONS = YES;
				CLANG_WARN_DIRECT_OBJC_ISA_USAGE = YES_ERROR;
				CLANG_WARN_DOCUMENTATION_COMMENTS = YES;
				CLANG_WARN_EMPTY_BODY = YES;
				CLANG_WARN_ENUM_CONVERSION = YES;
				CLANG_WARN_INFINITE_RECURSION = YES;
				CLANG_WARN_INT_CONVERSION = YES;
				CLANG_WARN_NON_LITERAL_NULL_CONVERSION = YES;
				CLANG_WARN_OBJC_IMPLICIT_RETAIN_SELF = YES;
				CLANG_WARN_OBJC_LITERAL_CONVERSION = YES;
				CLANG_WARN_OBJC_ROOT_CLASS = YES_ERROR;
				CLANG_WARN_QUOTED_INCLUDE_IN_FRAMEWORK_HEADER = YES;
				CLANG_WARN_RANGE_LOOP_ANALYSIS = YES;
				CLANG_WARN_STRICT_PROTOTYPES = YES;
				CLANG_WARN_SUSPICIOUS_MOVE = YES;
				CLANG_WARN_UNGUARDED_AVAILABILITY = YES_AGGRESSIVE;
				CLANG_WARN_UNREACHABLE_CODE = YES;
				CLANG_WARN__DUPLICATE_METHOD_MATCH = YES;
				COPY_PHASE_STRIP = NO;
				DEBUG_INFORMATION_FORMAT = dwarf;
				ENABLE_STRICT_OBJC_MSGSEND = YES;
				ENABLE_TESTABILITY = YES;
				GCC_C_LANGUAGE_STANDARD = gnu11;
				GCC_DYNAMIC_NO_PIC = NO;
				GCC_NO_COMMON_BLOCKS = YES;
				GCC_OPTIMIZATION_LEVEL = 0;
				GCC_PREPROCESSOR_DEFINITIONS = (
					"DEBUG=1",
					"$(inherited)",
				);
				GCC_WARN_64_TO_32_BIT_CONVERSION = YES;
				GCC_WARN_ABOUT_RETURN_TYPE = YES_ERROR;
				GCC_WARN_UNDECLARED_SELECTOR = YES;
				GCC_WARN_UNINITIALIZED_AUTOS = YES_AGGRESSIVE;
				GCC_WARN_UNUSED_FUNCTION = YES;
				GCC_WARN_UNUSED_VARIABLE = YES;
				IPHONEOS_DEPLOYMENT_TARGET = 15.2;
				MTL_ENABLE_DEBUG_INFO = INCLUDE_SOURCE;
				MTL_FAST_MATH = YES;
				ONLY_ACTIVE_ARCH = YES;
				SDKROOT = iphoneos;
				SWIFT_ACTIVE_COMPILATION_CONDITIONS = DEBUG;
				SWIFT_OPTIMIZATION_LEVEL = "-Onone";
			};
			name = Debug;
		};
		E3D26BDC2818D62F0019CFDE /* Release */ = {
			isa = XCBuildConfiguration;
			buildSettings = {
				ALWAYS_SEARCH_USER_PATHS = NO;
				CLANG_ANALYZER_NONNULL = YES;
				CLANG_ANALYZER_NUMBER_OBJECT_CONVERSION = YES_AGGRESSIVE;
				CLANG_CXX_LANGUAGE_STANDARD = "gnu++17";
				CLANG_CXX_LIBRARY = "libc++";
				CLANG_ENABLE_MODULES = YES;
				CLANG_ENABLE_OBJC_ARC = YES;
				CLANG_ENABLE_OBJC_WEAK = YES;
				CLANG_WARN_BLOCK_CAPTURE_AUTORELEASING = YES;
				CLANG_WARN_BOOL_CONVERSION = YES;
				CLANG_WARN_COMMA = YES;
				CLANG_WARN_CONSTANT_CONVERSION = YES;
				CLANG_WARN_DEPRECATED_OBJC_IMPLEMENTATIONS = YES;
				CLANG_WARN_DIRECT_OBJC_ISA_USAGE = YES_ERROR;
				CLANG_WARN_DOCUMENTATION_COMMENTS = YES;
				CLANG_WARN_EMPTY_BODY = YES;
				CLANG_WARN_ENUM_CONVERSION = YES;
				CLANG_WARN_INFINITE_RECURSION = YES;
				CLANG_WARN_INT_CONVERSION = YES;
				CLANG_WARN_NON_LITERAL_NULL_CONVERSION = YES;
				CLANG_WARN_OBJC_IMPLICIT_RETAIN_SELF = YES;
				CLANG_WARN_OBJC_LITERAL_CONVERSION = YES;
				CLANG_WARN_OBJC_ROOT_CLASS = YES_ERROR;
				CLANG_WARN_QUOTED_INCLUDE_IN_FRAMEWORK_HEADER = YES;
				CLANG_WARN_RANGE_LOOP_ANALYSIS = YES;
				CLANG_WARN_STRICT_PROTOTYPES = YES;
				CLANG_WARN_SUSPICIOUS_MOVE = YES;
				CLANG_WARN_UNGUARDED_AVAILABILITY = YES_AGGRESSIVE;
				CLANG_WARN_UNREACHABLE_CODE = YES;
				CLANG_WARN__DUPLICATE_METHOD_MATCH = YES;
				COPY_PHASE_STRIP = NO;
				DEBUG_INFORMATION_FORMAT = "dwarf-with-dsym";
				ENABLE_NS_ASSERTIONS = NO;
				ENABLE_STRICT_OBJC_MSGSEND = YES;
				GCC_C_LANGUAGE_STANDARD = gnu11;
				GCC_NO_COMMON_BLOCKS = YES;
				GCC_WARN_64_TO_32_BIT_CONVERSION = YES;
				GCC_WARN_ABOUT_RETURN_TYPE = YES_ERROR;
				GCC_WARN_UNDECLARED_SELECTOR = YES;
				GCC_WARN_UNINITIALIZED_AUTOS = YES_AGGRESSIVE;
				GCC_WARN_UNUSED_FUNCTION = YES;
				GCC_WARN_UNUSED_VARIABLE = YES;
				IPHONEOS_DEPLOYMENT_TARGET = 15.2;
				MTL_ENABLE_DEBUG_INFO = NO;
				MTL_FAST_MATH = YES;
				SDKROOT = iphoneos;
				SWIFT_COMPILATION_MODE = wholemodule;
				SWIFT_OPTIMIZATION_LEVEL = "-O";
				VALIDATE_PRODUCT = YES;
			};
			name = Release;
		};
		E3D26BDE2818D62F0019CFDE /* Debug */ = {
			isa = XCBuildConfiguration;
			baseConfigurationReference = 2F6E36CF18099BD2F4BA7AAA /* Pods-GIFApp.debug.xcconfig */;
			buildSettings = {
				ASSETCATALOG_COMPILER_APPICON_NAME = AppIcon;
				ASSETCATALOG_COMPILER_GLOBAL_ACCENT_COLOR_NAME = AccentColor;
				CODE_SIGN_STYLE = Automatic;
				CURRENT_PROJECT_VERSION = 1;
				DEVELOPMENT_TEAM = JUH3Q3SWFH;
				GENERATE_INFOPLIST_FILE = YES;
				INFOPLIST_FILE = GIFApp/Info.plist;
				INFOPLIST_KEY_UIApplicationSupportsIndirectInputEvents = YES;
				INFOPLIST_KEY_UILaunchStoryboardName = LaunchScreen;
				INFOPLIST_KEY_UISupportedInterfaceOrientations_iPad = "UIInterfaceOrientationPortrait UIInterfaceOrientationPortraitUpsideDown UIInterfaceOrientationLandscapeLeft UIInterfaceOrientationLandscapeRight";
				INFOPLIST_KEY_UISupportedInterfaceOrientations_iPhone = "UIInterfaceOrientationPortrait UIInterfaceOrientationLandscapeLeft UIInterfaceOrientationLandscapeRight";
				IPHONEOS_DEPLOYMENT_TARGET = 13.0;
				LD_RUNPATH_SEARCH_PATHS = (
					"$(inherited)",
					"@executable_path/Frameworks",
				);
				MARKETING_VERSION = 1.0;
				PRODUCT_BUNDLE_IDENTIFIER = com.GIFApp;
				PRODUCT_NAME = "$(TARGET_NAME)";
				SWIFT_EMIT_LOC_STRINGS = YES;
				SWIFT_VERSION = 5.0;
				TARGETED_DEVICE_FAMILY = "1,2";
			};
			name = Debug;
		};
		E3D26BDF2818D62F0019CFDE /* Release */ = {
			isa = XCBuildConfiguration;
			baseConfigurationReference = 4CD109224D19BD6DEA4F126E /* Pods-GIFApp.release.xcconfig */;
			buildSettings = {
				ASSETCATALOG_COMPILER_APPICON_NAME = AppIcon;
				ASSETCATALOG_COMPILER_GLOBAL_ACCENT_COLOR_NAME = AccentColor;
				CODE_SIGN_STYLE = Automatic;
				CURRENT_PROJECT_VERSION = 1;
				DEVELOPMENT_TEAM = JUH3Q3SWFH;
				GENERATE_INFOPLIST_FILE = YES;
				INFOPLIST_FILE = GIFApp/Info.plist;
				INFOPLIST_KEY_UIApplicationSupportsIndirectInputEvents = YES;
				INFOPLIST_KEY_UILaunchStoryboardName = LaunchScreen;
				INFOPLIST_KEY_UISupportedInterfaceOrientations_iPad = "UIInterfaceOrientationPortrait UIInterfaceOrientationPortraitUpsideDown UIInterfaceOrientationLandscapeLeft UIInterfaceOrientationLandscapeRight";
				INFOPLIST_KEY_UISupportedInterfaceOrientations_iPhone = "UIInterfaceOrientationPortrait UIInterfaceOrientationLandscapeLeft UIInterfaceOrientationLandscapeRight";
				IPHONEOS_DEPLOYMENT_TARGET = 13.0;
				LD_RUNPATH_SEARCH_PATHS = (
					"$(inherited)",
					"@executable_path/Frameworks",
				);
				MARKETING_VERSION = 1.0;
				PRODUCT_BUNDLE_IDENTIFIER = com.GIFApp;
				PRODUCT_NAME = "$(TARGET_NAME)";
				SWIFT_EMIT_LOC_STRINGS = YES;
				SWIFT_VERSION = 5.0;
				TARGETED_DEVICE_FAMILY = "1,2";
			};
			name = Release;
		};
/* End XCBuildConfiguration section */

/* Begin XCConfigurationList section */
		E3D26BC42818D62B0019CFDE /* Build configuration list for PBXProject "GIFApp" */ = {
			isa = XCConfigurationList;
			buildConfigurations = (
				E3D26BDB2818D62F0019CFDE /* Debug */,
				E3D26BDC2818D62F0019CFDE /* Release */,
			);
			defaultConfigurationIsVisible = 0;
			defaultConfigurationName = Release;
		};
		E3D26BDD2818D62F0019CFDE /* Build configuration list for PBXNativeTarget "GIFApp" */ = {
			isa = XCConfigurationList;
			buildConfigurations = (
				E3D26BDE2818D62F0019CFDE /* Debug */,
				E3D26BDF2818D62F0019CFDE /* Release */,
			);
			defaultConfigurationIsVisible = 0;
			defaultConfigurationName = Release;
		};
/* End XCConfigurationList section */
	};
	rootObject = E3D26BC12818D62B0019CFDE /* Project object */;
}
